
Microsoft Visual Studio Solution File, Format Version 12.00
# Visual Studio 2012
Project("{FAE04EC0-301F-11D3-BF4B-00C04F79EFBC}") = "HK_MvcOA_Model", "HK_MvcOA_Model\HK_MvcOA_Model.csproj", "{BD171A94-F2C7-4A36-86EF-9EABD25A3CE8}"
EndProject
Project("{FAE04EC0-301F-11D3-BF4B-00C04F79EFBC}") = "HK_MvcOA_Dal", "HK_MvcOA_Dal\HK_MvcOA_Dal.csproj", "{7472EA8B-3EED-4507-9FB3-B2D2B2C2ED75}"
EndProject
Project("{FAE04EC0-301F-11D3-BF4B-00C04F79EFBC}") = "HK_MvcOA_Bll", "HK_MvcOA_Bll\HK_MvcOA_Bll.csproj", "{7F64761C-4222-4CDD-9338-7BB7AEEAC7B9}"
EndProject
Project("{FAE04EC0-301F-11D3-BF4B-00C04F79EFBC}") = "HK_MvcOA_IDal", "HK_MvcOA_IDal\HK_MvcOA_IDal.csproj", "{3EE88531-B773-48E6-AEDE-4B27D063F5BC}"
EndProject
Project("{FAE04EC0-301F-11D3-BF4B-00C04F79EFBC}") = "HK_MvcOA_IBll", "HK_MvcOA_IBll\HK_MvcOA_IBll.csproj", "{8B8D5233-A12D-48C7-8F86-CDA827D2FEDB}"
EndProject
Project("{FAE04EC0-301F-11D3-BF4B-00C04F79EFBC}") = "HK_MvcOA_Common", "HK_MvcOA_Common\HK_MvcOA_Common.csproj", "{A92BBD4D-25BB-49ED-888C-EA54813E1414}"
EndProject
Project("{FAE04EC0-301F-11D3-BF4B-00C04F79EFBC}") = "HK_MvcOA_DalFactory", "HK_MvcOA_DalFactory\HK_MvcOA_DalFactory.csproj", "{38132CA6-82E5-4C75-B0D7-700ACFF875BD}"
EndProject
Project("{FAE04EC0-301F-11D3-BF4B-00C04F79EFBC}") = "HK_MvcOA_WebApp", "HK_MvcOA_WebApp\HK_MvcOA_WebApp.csproj", "{17B34551-1EC1-40BE-8F46-3C3736632295}"
EndProject
Project("{2150E333-8FDC-42A3-9474-1A3956D46DE8}") = "Demo", "Demo", "{053B983B-9144-4ADB-B8B8-F700046FAE13}"
EndProject
Project("{FAE04EC0-301F-11D3-BF4B-00C04F79EFBC}") = "Spring.Net.Demo", "Spring.Net.Demo\Spring.Net.Demo.csproj", "{CDF1BC9F-A1C2-49BE-A964-0370DF6133A7}"
EndProject
Project("{FAE04EC0-301F-11D3-BF4B-00C04F79EFBC}") = "MemcacheTest", "Test\MemcacheTest.csproj", "{4A8010D5-842B-4F98-A359-FA442AB853AA}"
EndProject
Project("{FAE04EC0-301F-11D3-BF4B-00C04F79EFBC}") = "LuceneDemo", "LuceneDemo\LuceneDemo.csproj", "{C2E09325-9D01-46F6-BC1F-D7C0F4520DED}"
EndProject
Global
	GlobalSection(SolutionConfigurationPlatforms) = preSolution
		Debug|Any CPU = Debug|Any CPU
		Release|Any CPU = Release|Any CPU
	EndGlobalSection
	GlobalSection(ProjectConfigurationPlatforms) = postSolution
		{BD171A94-F2C7-4A36-86EF-9EABD25A3CE8}.Debug|Any CPU.ActiveCfg = Debug|Any CPU
		{BD171A94-F2C7-4A36-86EF-9EABD25A3CE8}.Debug|Any CPU.Build.0 = Debug|Any CPU
		{BD171A94-F2C7-4A36-86EF-9EABD25A3CE8}.Release|Any CPU.ActiveCfg = Release|Any CPU
		{BD171A94-F2C7-4A36-86EF-9EABD25A3CE8}.Release|Any CPU.Build.0 = Release|Any CPU
		{7472EA8B-3EED-4507-9FB3-B2D2B2C2ED75}.Debug|Any CPU.ActiveCfg = Debug|Any CPU
		{7472EA8B-3EED-4507-9FB3-B2D2B2C2ED75}.Debug|Any CPU.Build.0 = Debug|Any CPU
		{7472EA8B-3EED-4507-9FB3-B2D2B2C2ED75}.Release|Any CPU.ActiveCfg = Release|Any CPU
		{7472EA8B-3EED-4507-9FB3-B2D2B2C2ED75}.Release|Any CPU.Build.0 = Release|Any CPU
		{7F64761C-4222-4CDD-9338-7BB7AEEAC7B9}.Debug|Any CPU.ActiveCfg = Debug|Any CPU
		{7F64761C-4222-4CDD-9338-7BB7AEEAC7B9}.Debug|Any CPU.Build.0 = Debug|Any CPU
		{7F64761C-4222-4CDD-9338-7BB7AEEAC7B9}.Release|Any CPU.ActiveCfg = Release|Any CPU
		{7F64761C-4222-4CDD-9338-7BB7AEEAC7B9}.Release|Any CPU.Build.0 = Release|Any CPU
		{3EE88531-B773-48E6-AEDE-4B27D063F5BC}.Debug|Any CPU.ActiveCfg = Debug|Any CPU
		{3EE88531-B773-48E6-AEDE-4B27D063F5BC}.Debug|Any CPU.Build.0 = Debug|Any CPU
		{3EE88531-B773-48E6-AEDE-4B27D063F5BC}.Release|Any CPU.ActiveCfg = Release|Any CPU
		{3EE88531-B773-48E6-AEDE-4B27D063F5BC}.Release|Any CPU.Build.0 = Release|Any CPU
		{8B8D5233-A12D-48C7-8F86-CDA827D2FEDB}.Debug|Any CPU.ActiveCfg = Debug|Any CPU
		{8B8D5233-A12D-48C7-8F86-CDA827D2FEDB}.Debug|Any CPU.Build.0 = Debug|Any CPU
		{8B8D5233-A12D-48C7-8F86-CDA827D2FEDB}.Release|Any CPU.ActiveCfg = Release|Any CPU
		{8B8D5233-A12D-48C7-8F86-CDA827D2FEDB}.Release|Any CPU.Build.0 = Release|Any CPU
		{A92BBD4D-25BB-49ED-888C-EA54813E1414}.Debug|Any CPU.ActiveCfg = Debug|Any CPU
		{A92BBD4D-25BB-49ED-888C-EA54813E1414}.Debug|Any CPU.Build.0 = Debug|Any CPU
		{A92BBD4D-25BB-49ED-888C-EA54813E1414}.Release|Any CPU.ActiveCfg = Release|Any CPU
		{A92BBD4D-25BB-49ED-888C-EA54813E1414}.Release|Any CPU.Build.0 = Release|Any CPU
		{38132CA6-82E5-4C75-B0D7-700ACFF875BD}.Debug|Any CPU.ActiveCfg = Debug|Any CPU
		{38132CA6-82E5-4C75-B0D7-700ACFF875BD}.Debug|Any CPU.Build.0 = Debug|Any CPU
		{38132CA6-82E5-4C75-B0D7-700ACFF875BD}.Release|Any CPU.ActiveCfg = Release|Any CPU
		{38132CA6-82E5-4C75-B0D7-700ACFF875BD}.Release|Any CPU.Build.0 = Release|Any CPU
		{17B34551-1EC1-40BE-8F46-3C3736632295}.Debug|Any CPU.ActiveCfg = Debug|Any CPU
		{17B34551-1EC1-40BE-8F46-3C3736632295}.Debug|Any CPU.Build.0 = Debug|Any CPU
		{17B34551-1EC1-40BE-8F46-3C3736632295}.Release|Any CPU.ActiveCfg = Release|Any CPU
		{17B34551-1EC1-40BE-8F46-3C3736632295}.Release|Any CPU.Build.0 = Release|Any CPU
		{CDF1BC9F-A1C2-49BE-A964-0370DF6133A7}.Debug|Any CPU.ActiveCfg = Debug|Any CPU
		{CDF1BC9F-A1C2-49BE-A964-0370DF6133A7}.Debug|Any CPU.Build.0 = Debug|Any CPU
		{CDF1BC9F-A1C2-49BE-A964-0370DF6133A7}.Release|Any CPU.ActiveCfg = Release|Any CPU
		{CDF1BC9F-A1C2-49BE-A964-0370DF6133A7}.Release|Any CPU.Build.0 = Release|Any CPU
		{4A8010D5-842B-4F98-A359-FA442AB853AA}.Debug|Any CPU.ActiveCfg = Debug|Any CPU
		{4A8010D5-842B-4F98-A359-FA442AB853AA}.Debug|Any CPU.Build.0 = Debug|Any CPU
		{4A8010D5-842B-4F98-A359-FA442AB853AA}.Release|Any CPU.ActiveCfg = Release|Any CPU
		{4A8010D5-842B-4F98-A359-FA442AB853AA}.Release|Any CPU.Build.0 = Release|Any CPU
		{C2E09325-9D01-46F6-BC1F-D7C0F4520DED}.Debug|Any CPU.ActiveCfg = Debug|Any CPU
		{C2E09325-9D01-46F6-BC1F-D7C0F4520DED}.Debug|Any CPU.Build.0 = Debug|Any CPU
		{C2E09325-9D01-46F6-BC1F-D7C0F4520DED}.Release|Any CPU.ActiveCfg = Release|Any CPU
		{C2E09325-9D01-46F6-BC1F-D7C0F4520DED}.Release|Any CPU.Build.0 = Release|Any CPU
	EndGlobalSection
	GlobalSection(SolutionProperties) = preSolution
		HideSolutionNode = FALSE
	EndGlobalSection
	GlobalSection(NestedProjects) = preSolution
		{CDF1BC9F-A1C2-49BE-A964-0370DF6133A7} = {053B983B-9144-4ADB-B8B8-F700046FAE13}
		{4A8010D5-842B-4F98-A359-FA442AB853AA} = {053B983B-9144-4ADB-B8B8-F700046FAE13}
		{C2E09325-9D01-46F6-BC1F-D7C0F4520DED} = {053B983B-9144-4ADB-B8B8-F700046FAE13}
	EndGlobalSection
EndGlobal
